
Microsoft Visual Studio Solution File, Format Version 12.00
# Visual Studio 14
VisualStudioVersion = 14.0.25420.1
MinimumVisualStudioVersion = 10.0.40219.1
Project("{8BC9CEB8-8B4A-11D0-8D11-00A0C91BC942}") = "test", "test\test.vcxproj", "{AABD2335-15F0-4A5E-82CE-E3503FFF8438}"
EndProject
Project("{8BC9CEB8-8B4A-11D0-8D11-00A0C91BC942}") = "base64", "base64\base64.vcxproj", "{26BF3EB3-4A8E-4C32-82A9-2688463C230C}"
EndProject
Project("{8BC9CEB8-8B4A-11D0-8D11-00A0C91BC942}") = "test1", "test1\test1.vcxproj", "{288ED966-12E1-4E26-9DF6-524DA5AFE62F}"
EndProject
Project("{8BC9CEB8-8B4A-11D0-8D11-00A0C91BC942}") = "call_dll", "call_dll\call_dll.vcxproj", "{705C3660-FF74-429E-8ED9-73E2B6A8C226}"
EndProject
Project("{8BC9CEB8-8B4A-11D0-8D11-00A0C91BC942}") = "call_dll1", "call_dll1\call_dll1.vcxproj", "{C1BD6D91-60C8-42C6-8E81-61F75ED876C5}"
EndProject
Project("{8BC9CEB8-8B4A-11D0-8D11-00A0C91BC942}") = "Dll_test", "dll_test\Dll_test.vcxproj", "{63E17D0D-92D7-4AB4-A9EA-D70D2B4637CD}"
EndProject
Project("{8BC9CEB8-8B4A-11D0-8D11-00A0C91BC942}") = "test2", "test2\test2.vcxproj", "{4F591810-FB56-4C2C-B9CC-2FC951BF2983}"
EndProject
Project("{8BC9CEB8-8B4A-11D0-8D11-00A0C91BC942}") = "test3", "test3\test3.vcxproj", "{1F0936F3-9B58-4610-AAE1-2F04B55EBDA3}"
EndProject
Project("{8BC9CEB8-8B4A-11D0-8D11-00A0C91BC942}") = "test4", "test4\test4.vcxproj", "{59744614-5C4A-48EF-80B4-92B70355B606}"
EndProject
Global
	GlobalSection(SolutionConfigurationPlatforms) = preSolution
		Debug|ARM = Debug|ARM
		Debug|x64 = Debug|x64
		Debug|x86 = Debug|x86
		Release|ARM = Release|ARM
		Release|x64 = Release|x64
		Release|x86 = Release|x86
	EndGlobalSection
	GlobalSection(ProjectConfigurationPlatforms) = postSolution
		{AABD2335-15F0-4A5E-82CE-E3503FFF8438}.Debug|ARM.ActiveCfg = Debug|Win32
		{AABD2335-15F0-4A5E-82CE-E3503FFF8438}.Debug|x64.ActiveCfg = Debug|x64
		{AABD2335-15F0-4A5E-82CE-E3503FFF8438}.Debug|x64.Build.0 = Debug|x64
		{AABD2335-15F0-4A5E-82CE-E3503FFF8438}.Debug|x86.ActiveCfg = Debug|Win32
		{AABD2335-15F0-4A5E-82CE-E3503FFF8438}.Debug|x86.Build.0 = Debug|Win32
		{AABD2335-15F0-4A5E-82CE-E3503FFF8438}.Release|ARM.ActiveCfg = Release|Win32
		{AABD2335-15F0-4A5E-82CE-E3503FFF8438}.Release|x64.ActiveCfg = Release|x64
		{AABD2335-15F0-4A5E-82CE-E3503FFF8438}.Release|x64.Build.0 = Release|x64
		{AABD2335-15F0-4A5E-82CE-E3503FFF8438}.Release|x86.ActiveCfg = Release|Win32
		{AABD2335-15F0-4A5E-82CE-E3503FFF8438}.Release|x86.Build.0 = Release|Win32
		{26BF3EB3-4A8E-4C32-82A9-2688463C230C}.Debug|ARM.ActiveCfg = Debug|Win32
		{26BF3EB3-4A8E-4C32-82A9-2688463C230C}.Debug|x64.ActiveCfg = Debug|x64
		{26BF3EB3-4A8E-4C32-82A9-2688463C230C}.Debug|x64.Build.0 = Debug|x64
		{26BF3EB3-4A8E-4C32-82A9-2688463C230C}.Debug|x86.ActiveCfg = Debug|Win32
		{26BF3EB3-4A8E-4C32-82A9-2688463C230C}.Debug|x86.Build.0 = Debug|Win32
		{26BF3EB3-4A8E-4C32-82A9-2688463C230C}.Release|ARM.ActiveCfg = Release|Win32
		{26BF3EB3-4A8E-4C32-82A9-2688463C230C}.Release|x64.ActiveCfg = Release|x64
		{26BF3EB3-4A8E-4C32-82A9-2688463C230C}.Release|x64.Build.0 = Release|x64
		{26BF3EB3-4A8E-4C32-82A9-2688463C230C}.Release|x86.ActiveCfg = Release|Win32
		{26BF3EB3-4A8E-4C32-82A9-2688463C230C}.Release|x86.Build.0 = Release|Win32
		{288ED966-12E1-4E26-9DF6-524DA5AFE62F}.Debug|ARM.ActiveCfg = Debug|Win32
		{288ED966-12E1-4E26-9DF6-524DA5AFE62F}.Debug|x64.ActiveCfg = Debug|x64
		{288ED966-12E1-4E26-9DF6-524DA5AFE62F}.Debug|x64.Build.0 = Debug|x64
		{288ED966-12E1-4E26-9DF6-524DA5AFE62F}.Debug|x86.ActiveCfg = Debug|Win32
		{288ED966-12E1-4E26-9DF6-524DA5AFE62F}.Debug|x86.Build.0 = Debug|Win32
		{288ED966-12E1-4E26-9DF6-524DA5AFE62F}.Release|ARM.ActiveCfg = Release|Win32
		{288ED966-12E1-4E26-9DF6-524DA5AFE62F}.Release|x64.ActiveCfg = Release|x64
		{288ED966-12E1-4E26-9DF6-524DA5AFE62F}.Release|x64.Build.0 = Release|x64
		{288ED966-12E1-4E26-9DF6-524DA5AFE62F}.Release|x86.ActiveCfg = Release|Win32
		{288ED966-12E1-4E26-9DF6-524DA5AFE62F}.Release|x86.Build.0 = Release|Win32
		{705C3660-FF74-429E-8ED9-73E2B6A8C226}.Debug|ARM.ActiveCfg = Debug|Win32
		{705C3660-FF74-429E-8ED9-73E2B6A8C226}.Debug|x64.ActiveCfg = Debug|x64
		{705C3660-FF74-429E-8ED9-73E2B6A8C226}.Debug|x64.Build.0 = Debug|x64
		{705C3660-FF74-429E-8ED9-73E2B6A8C226}.Debug|x86.ActiveCfg = Debug|Win32
		{705C3660-FF74-429E-8ED9-73E2B6A8C226}.Debug|x86.Build.0 = Debug|Win32
		{705C3660-FF74-429E-8ED9-73E2B6A8C226}.Release|ARM.ActiveCfg = Release|Win32
		{705C3660-FF74-429E-8ED9-73E2B6A8C226}.Release|x64.ActiveCfg = Release|x64
		{705C3660-FF74-429E-8ED9-73E2B6A8C226}.Release|x64.Build.0 = Release|x64
		{705C3660-FF74-429E-8ED9-73E2B6A8C226}.Release|x86.ActiveCfg = Release|Win32
		{705C3660-FF74-429E-8ED9-73E2B6A8C226}.Release|x86.Build.0 = Release|Win32
		{C1BD6D91-60C8-42C6-8E81-61F75ED876C5}.Debug|ARM.ActiveCfg = Debug|Win32
		{C1BD6D91-60C8-42C6-8E81-61F75ED876C5}.Debug|x64.ActiveCfg = Debug|x64
		{C1BD6D91-60C8-42C6-8E81-61F75ED876C5}.Debug|x64.Build.0 = Debug|x64
		{C1BD6D91-60C8-42C6-8E81-61F75ED876C5}.Debug|x86.ActiveCfg = Debug|Win32
		{C1BD6D91-60C8-42C6-8E81-61F75ED876C5}.Debug|x86.Build.0 = Debug|Win32
		{C1BD6D91-60C8-42C6-8E81-61F75ED876C5}.Release|ARM.ActiveCfg = Release|Win32
		{C1BD6D91-60C8-42C6-8E81-61F75ED876C5}.Release|x64.ActiveCfg = Release|x64
		{C1BD6D91-60C8-42C6-8E81-61F75ED876C5}.Release|x64.Build.0 = Release|x64
		{C1BD6D91-60C8-42C6-8E81-61F75ED876C5}.Release|x86.ActiveCfg = Release|Win32
		{C1BD6D91-60C8-42C6-8E81-61F75ED876C5}.Release|x86.Build.0 = Release|Win32
		{63E17D0D-92D7-4AB4-A9EA-D70D2B4637CD}.Debug|ARM.ActiveCfg = Debug|Win32
		{63E17D0D-92D7-4AB4-A9EA-D70D2B4637CD}.Debug|x64.ActiveCfg = Debug|x64
		{63E17D0D-92D7-4AB4-A9EA-D70D2B4637CD}.Debug|x64.Build.0 = Debug|x64
		{63E17D0D-92D7-4AB4-A9EA-D70D2B4637CD}.Debug|x86.ActiveCfg = Debug|Win32
		{63E17D0D-92D7-4AB4-A9EA-D70D2B4637CD}.Debug|x86.Build.0 = Debug|Win32
		{63E17D0D-92D7-4AB4-A9EA-D70D2B4637CD}.Release|ARM.ActiveCfg = Release|Win32
		{63E17D0D-92D7-4AB4-A9EA-D70D2B4637CD}.Release|x64.ActiveCfg = Release|x64
		{63E17D0D-92D7-4AB4-A9EA-D70D2B4637CD}.Release|x64.Build.0 = Release|x64
		{63E17D0D-92D7-4AB4-A9EA-D70D2B4637CD}.Release|x86.ActiveCfg = Release|Win32
		{63E17D0D-92D7-4AB4-A9EA-D70D2B4637CD}.Release|x86.Build.0 = Release|Win32
		{4F591810-FB56-4C2C-B9CC-2FC951BF2983}.Debug|ARM.ActiveCfg = Debug|Win32
		{4F591810-FB56-4C2C-B9CC-2FC951BF2983}.Debug|x64.ActiveCfg = Debug|x64
		{4F591810-FB56-4C2C-B9CC-2FC951BF2983}.Debug|x64.Build.0 = Debug|x64
		{4F591810-FB56-4C2C-B9CC-2FC951BF2983}.Debug|x86.ActiveCfg = Debug|Win32
		{4F591810-FB56-4C2C-B9CC-2FC951BF2983}.Debug|x86.Build.0 = Debug|Win32
		{4F591810-FB56-4C2C-B9CC-2FC951BF2983}.Release|ARM.ActiveCfg = Release|Win32
		{4F591810-FB56-4C2C-B9CC-2FC951BF2983}.Release|x64.ActiveCfg = Release|x64
		{4F591810-FB56-4C2C-B9CC-2FC951BF2983}.Release|x64.Build.0 = Release|x64
		{4F591810-FB56-4C2C-B9CC-2FC951BF2983}.Release|x86.ActiveCfg = Release|Win32
		{4F591810-FB56-4C2C-B9CC-2FC951BF2983}.Release|x86.Build.0 = Release|Win32
		{1F0936F3-9B58-4610-AAE1-2F04B55EBDA3}.Debug|ARM.ActiveCfg = Debug|Win32
		{1F0936F3-9B58-4610-AAE1-2F04B55EBDA3}.Debug|x64.ActiveCfg = Debug|x64
		{1F0936F3-9B58-4610-AAE1-2F04B55EBDA3}.Debug|x64.Build.0 = Debug|x64
		{1F0936F3-9B58-4610-AAE1-2F04B55EBDA3}.Debug|x86.ActiveCfg = Debug|Win32
		{1F0936F3-9B58-4610-AAE1-2F04B55EBDA3}.Debug|x86.Build.0 = Debug|Win32
		{1F0936F3-9B58-4610-AAE1-2F04B55EBDA3}.Release|ARM.ActiveCfg = Release|Win32
		{1F0936F3-9B58-4610-AAE1-2F04B55EBDA3}.Release|x64.ActiveCfg = Release|x64
		{1F0936F3-9B58-4610-AAE1-2F04B55EBDA3}.Release|x64.Build.0 = Release|x64
		{1F0936F3-9B58-4610-AAE1-2F04B55EBDA3}.Release|x86.ActiveCfg = Release|Win32
		{1F0936F3-9B58-4610-AAE1-2F04B55EBDA3}.Release|x86.Build.0 = Release|Win32
		{59744614-5C4A-48EF-80B4-92B70355B606}.Debug|ARM.ActiveCfg = Debug|Win32
		{59744614-5C4A-48EF-80B4-92B70355B606}.Debug|x64.ActiveCfg = Debug|x64
		{59744614-5C4A-48EF-80B4-92B70355B606}.Debug|x64.Build.0 = Debug|x64
		{59744614-5C4A-48EF-80B4-92B70355B606}.Debug|x86.ActiveCfg = Debug|Win32
		{59744614-5C4A-48EF-80B4-92B70355B606}.Debug|x86.Build.0 = Debug|Win32
		{59744614-5C4A-48EF-80B4-92B70355B606}.Release|ARM.ActiveCfg = Release|Win32
		{59744614-5C4A-48EF-80B4-92B70355B606}.Release|x64.ActiveCfg = Release|x64
		{59744614-5C4A-48EF-80B4-92B70355B606}.Release|x64.Build.0 = Release|x64
		{59744614-5C4A-48EF-80B4-92B70355B606}.Release|x86.ActiveCfg = Release|Win32
		{59744614-5C4A-48EF-80B4-92B70355B606}.Release|x86.Build.0 = Release|Win32
	EndGlobalSection
	GlobalSection(SolutionProperties) = preSolution
		HideSolutionNode = FALSE
	EndGlobalSection
EndGlobal
